
Microsoft Visual Studio Solution File, Format Version 12.00
# Visual Studio Version 16
VisualStudioVersion = 16.0.31605.320
MinimumVisualStudioVersion = 10.0.40219.1
Project("{FAE04EC0-301F-11D3-BF4B-00C04F79EFBC}") = "minesweeper", "minesweeper.csproj", "{079ABDDD-FFAE-452C-ACCB-7A9DD84B8C55}"
EndProject
Global
	GlobalSection(SolutionConfigurationPlatforms) = preSolution
		Debug|Any CPU = Debug|Any CPU
		Release|Any CPU = Release|Any CPU
	EndGlobalSection
	GlobalSection(ProjectConfigurationPlatforms) = postSolution
		{079ABDDD-FFAE-452C-ACCB-7A9DD84B8C55}.Debug|Any CPU.ActiveCfg = Debug|Any CPU
		{079ABDDD-FFAE-452C-ACCB-7A9DD84B8C55}.Debug|Any CPU.Build.0 = Debug|Any CPU
		{079ABDDD-FFAE-452C-ACCB-7A9DD84B8C55}.Release|Any CPU.ActiveCfg = Release|Any CPU
		{079ABDDD-FFAE-452C-ACCB-7A9DD84B8C55}.Release|Any CPU.Build.0 = Release|Any CPU
	EndGlobalSection
	GlobalSection(SolutionProperties) = preSolution
		HideSolutionNode = FALSE
	EndGlobalSection
	GlobalSection(ExtensibilityGlobals) = postSolution
		SolutionGuid = {039B692F-3EF0-4660-B9AB-BF6C933FCAA2}
	EndGlobalSection
EndGlobal
